
Microsoft Visual Studio Solution File, Format Version 12.00
# Visual Studio Version 16
VisualStudioVersion = 16.0.30804.86
MinimumVisualStudioVersion = 10.0.40219.1
Project("{FAE04EC0-301F-11D3-BF4B-00C04F79EFBC}") = "RespTimeComp", "RespTimeComp\RespTimeComp.csproj", "{8BC96A61-1148-40B1-86A3-C2B4EB024FD7}"
EndProject
Global
	GlobalSection(SolutionConfigurationPlatforms) = preSolution
		Debug|Any CPU = Debug|Any CPU
		Release|Any CPU = Release|Any CPU
	EndGlobalSection
	GlobalSection(ProjectConfigurationPlatforms) = postSolution
		{8BC96A61-1148-40B1-86A3-C2B4EB024FD7}.Debug|Any CPU.ActiveCfg = Debug|Any CPU
		{8BC96A61-1148-40B1-86A3-C2B4EB024FD7}.Debug|Any CPU.Build.0 = Debug|Any CPU
		{8BC96A61-1148-40B1-86A3-C2B4EB024FD7}.Release|Any CPU.ActiveCfg = Release|Any CPU
		{8BC96A61-1148-40B1-86A3-C2B4EB024FD7}.Release|Any CPU.Build.0 = Release|Any CPU
	EndGlobalSection
	GlobalSection(SolutionProperties) = preSolution
		HideSolutionNode = FALSE
	EndGlobalSection
	GlobalSection(ExtensibilityGlobals) = postSolution
		SolutionGuid = {DBE18E65-D032-4166-A19C-0F5889D70599}
	EndGlobalSection
EndGlobal
